
Microsoft Visual Studio Solution File, Format Version 12.00
# Visual Studio 15
VisualStudioVersion = 15.0.27004.2010
MinimumVisualStudioVersion = 10.0.40219.1
Project("{FAE04EC0-301F-11D3-BF4B-00C04F79EFBC}") = "AspNetCore.Learn", "AspNetCore.Learn\AspNetCore.Learn.csproj", "{E641F2EB-038E-437E-9672-BC258CCDEEBA}"
EndProject
Project("{FAE04EC0-301F-11D3-BF4B-00C04F79EFBC}") = "AspNetCore.Cookie.Authentication", "AspNetCore.Cookie.Authentication\AspNetCore.Cookie.Authentication.csproj", "{5D303B3E-39A7-4C09-B26C-878E6889B2A2}"
EndProject
Global
	GlobalSection(SolutionConfigurationPlatforms) = preSolution
		Debug|Any CPU = Debug|Any CPU
		Release|Any CPU = Release|Any CPU
	EndGlobalSection
	GlobalSection(ProjectConfigurationPlatforms) = postSolution
		{E641F2EB-038E-437E-9672-BC258CCDEEBA}.Debug|Any CPU.ActiveCfg = Debug|Any CPU
		{E641F2EB-038E-437E-9672-BC258CCDEEBA}.Debug|Any CPU.Build.0 = Debug|Any CPU
		{E641F2EB-038E-437E-9672-BC258CCDEEBA}.Release|Any CPU.ActiveCfg = Release|Any CPU
		{E641F2EB-038E-437E-9672-BC258CCDEEBA}.Release|Any CPU.Build.0 = Release|Any CPU
		{5D303B3E-39A7-4C09-B26C-878E6889B2A2}.Debug|Any CPU.ActiveCfg = Debug|Any CPU
		{5D303B3E-39A7-4C09-B26C-878E6889B2A2}.Debug|Any CPU.Build.0 = Debug|Any CPU
		{5D303B3E-39A7-4C09-B26C-878E6889B2A2}.Release|Any CPU.ActiveCfg = Release|Any CPU
		{5D303B3E-39A7-4C09-B26C-878E6889B2A2}.Release|Any CPU.Build.0 = Release|Any CPU
	EndGlobalSection
	GlobalSection(SolutionProperties) = preSolution
		HideSolutionNode = FALSE
	EndGlobalSection
	GlobalSection(ExtensibilityGlobals) = postSolution
		SolutionGuid = {63A0C320-854D-4ADB-9D1B-A4BCC10EE3F1}
	EndGlobalSection
EndGlobal
